
Microsoft Visual Studio Solution File, Format Version 12.00
# Visual Studio Version 16
VisualStudioVersion = 16.0.29806.167
MinimumVisualStudioVersion = 10.0.40219.1
Project("{FAE04EC0-301F-11D3-BF4B-00C04F79EFBC}") = "XmlValidator", "XmlValidator\XmlValidator.csproj", "{0DC252C9-8DAB-4404-AF6C-03BA64F66F59}"
EndProject
Project("{FAE04EC0-301F-11D3-BF4B-00C04F79EFBC}") = "XmlValidator.Tests", "XmlValidator.Tests\XmlValidator.Tests.csproj", "{D459DEE9-5A20-48C8-9083-9D092FB0761D}"
EndProject
Project("{FAE04EC0-301F-11D3-BF4B-00C04F79EFBC}") = "ConsoleApp1", "ConsoleApp1\ConsoleApp1.csproj", "{D137CADE-CD7B-4932-B7C3-FDF5E7A4F05E}"
EndProject
Global
	GlobalSection(SolutionConfigurationPlatforms) = preSolution
		Debug|Any CPU = Debug|Any CPU
		Release|Any CPU = Release|Any CPU
	EndGlobalSection
	GlobalSection(ProjectConfigurationPlatforms) = postSolution
		{0DC252C9-8DAB-4404-AF6C-03BA64F66F59}.Debug|Any CPU.ActiveCfg = Debug|Any CPU
		{0DC252C9-8DAB-4404-AF6C-03BA64F66F59}.Debug|Any CPU.Build.0 = Debug|Any CPU
		{0DC252C9-8DAB-4404-AF6C-03BA64F66F59}.Release|Any CPU.ActiveCfg = Release|Any CPU
		{0DC252C9-8DAB-4404-AF6C-03BA64F66F59}.Release|Any CPU.Build.0 = Release|Any CPU
		{D459DEE9-5A20-48C8-9083-9D092FB0761D}.Debug|Any CPU.ActiveCfg = Debug|Any CPU
		{D459DEE9-5A20-48C8-9083-9D092FB0761D}.Debug|Any CPU.Build.0 = Debug|Any CPU
		{D459DEE9-5A20-48C8-9083-9D092FB0761D}.Release|Any CPU.ActiveCfg = Release|Any CPU
		{D459DEE9-5A20-48C8-9083-9D092FB0761D}.Release|Any CPU.Build.0 = Release|Any CPU
		{D137CADE-CD7B-4932-B7C3-FDF5E7A4F05E}.Debug|Any CPU.ActiveCfg = Debug|Any CPU
		{D137CADE-CD7B-4932-B7C3-FDF5E7A4F05E}.Debug|Any CPU.Build.0 = Debug|Any CPU
		{D137CADE-CD7B-4932-B7C3-FDF5E7A4F05E}.Release|Any CPU.ActiveCfg = Release|Any CPU
		{D137CADE-CD7B-4932-B7C3-FDF5E7A4F05E}.Release|Any CPU.Build.0 = Release|Any CPU
	EndGlobalSection
	GlobalSection(SolutionProperties) = preSolution
		HideSolutionNode = FALSE
	EndGlobalSection
	GlobalSection(ExtensibilityGlobals) = postSolution
		SolutionGuid = {E94E8174-8366-4299-8FC5-BFBE4EA3EC91}
	EndGlobalSection
EndGlobal
